
Microsoft Visual Studio Solution File, Format Version 12.00
# Visual Studio Version 17
VisualStudioVersion = 17.1.32210.238
MinimumVisualStudioVersion = 10.0.40219.1
Project("{FAE04EC0-301F-11D3-BF4B-00C04F79EFBC}") = "TaxiServ", "TaxiServ\TaxiServ.csproj", "{012C8669-9412-4B62-AE37-7AF0E02650F6}"
EndProject
Global
	GlobalSection(SolutionConfigurationPlatforms) = preSolution
		Debug|Any CPU = Debug|Any CPU
		Release|Any CPU = Release|Any CPU
	EndGlobalSection
	GlobalSection(ProjectConfigurationPlatforms) = postSolution
		{012C8669-9412-4B62-AE37-7AF0E02650F6}.Debug|Any CPU.ActiveCfg = Debug|Any CPU
		{012C8669-9412-4B62-AE37-7AF0E02650F6}.Debug|Any CPU.Build.0 = Debug|Any CPU
		{012C8669-9412-4B62-AE37-7AF0E02650F6}.Release|Any CPU.ActiveCfg = Release|Any CPU
		{012C8669-9412-4B62-AE37-7AF0E02650F6}.Release|Any CPU.Build.0 = Release|Any CPU
	EndGlobalSection
	GlobalSection(SolutionProperties) = preSolution
		HideSolutionNode = FALSE
	EndGlobalSection
	GlobalSection(ExtensibilityGlobals) = postSolution
		SolutionGuid = {0393CF35-2F23-4805-AFC8-F65DB6605400}
	EndGlobalSection
EndGlobal
